// !$*UTF8*$!
{
	archiveVersion = 1;
	classes = {
	};
	objectVersion = 46;
	objects = {

/* Begin PBXBuildFile section */
		4D44614C0A26679A2F613C5B /* Pods_DouYuTV.framework in Frameworks */ = {isa = PBXBuildFile; fileRef = 73E5FF7AC502A7222EB471C6 /* Pods_DouYuTV.framework */; };
		A21F60381DFF9A2300BAC589 /* LiveNormalViewModel.swift in Sources */ = {isa = PBXBuildFile; fileRef = A21F60371DFF9A2300BAC589 /* LiveNormalViewModel.swift */; };
		A21F60421DFFD64A00BAC589 /* LiveFaceController.swift in Sources */ = {isa = PBXBuildFile; fileRef = A21F60411DFFD64A00BAC589 /* LiveFaceController.swift */; };
		A21F604C1E011A6C00BAC589 /* LiveAnchorViewModel.swift in Sources */ = {isa = PBXBuildFile; fileRef = A21F604B1E011A6C00BAC589 /* LiveAnchorViewModel.swift */; };
		A21F604E1E011D6000BAC589 /* LiveAnchorTitleModel.swift in Sources */ = {isa = PBXBuildFile; fileRef = A21F604D1E011D6000BAC589 /* LiveAnchorTitleModel.swift */; };
		A21F60501E01220F00BAC589 /* LiveAnchorController.swift in Sources */ = {isa = PBXBuildFile; fileRef = A21F604F1E01220F00BAC589 /* LiveAnchorController.swift */; };
		A22759601DE541F80087E87F /* PageContentView.swift in Sources */ = {isa = PBXBuildFile; fileRef = A227595F1DE541F80087E87F /* PageContentView.swift */; };
		A22759621DE584460087E87F /* RecommendViewController.swift in Sources */ = {isa = PBXBuildFile; fileRef = A22759611DE584460087E87F /* RecommendViewController.swift */; };
		A22759641DE584550087E87F /* GameViewController.swift in Sources */ = {isa = PBXBuildFile; fileRef = A22759631DE584550087E87F /* GameViewController.swift */; };
		A22759661DE5849E0087E87F /* EntertainmentController.swift in Sources */ = {isa = PBXBuildFile; fileRef = A22759651DE5849E0087E87F /* EntertainmentController.swift */; };
		A22759681DE584C70087E87F /* MGameViewController.swift in Sources */ = {isa = PBXBuildFile; fileRef = A22759671DE584C70087E87F /* MGameViewController.swift */; };
		A227596A1DE584E10087E87F /* FunViewController.swift in Sources */ = {isa = PBXBuildFile; fileRef = A22759691DE584E10087E87F /* FunViewController.swift */; };
		A24768F41DFA4A8D0007A3D5 /* MHRefreshFooterView.swift in Sources */ = {isa = PBXBuildFile; fileRef = A24768F31DFA4A8D0007A3D5 /* MHRefreshFooterView.swift */; };
		A2AE30C41DE67EA2009BD9DE /* RecommendSectionHeaderView.xib in Resources */ = {isa = PBXBuildFile; fileRef = A2AE30C31DE67EA2009BD9DE /* RecommendSectionHeaderView.xib */; };
		A2AE30C61DE69431009BD9DE /* BaseViewController.swift in Sources */ = {isa = PBXBuildFile; fileRef = A2AE30C51DE69431009BD9DE /* BaseViewController.swift */; };
		A2AE30C81DE6B4AD009BD9DE /* RecommendSectionHeaderView.swift in Sources */ = {isa = PBXBuildFile; fileRef = A2AE30C71DE6B4AD009BD9DE /* RecommendSectionHeaderView.swift */; };
		A2AE30CA1DE6B718009BD9DE /* RecommentNormalCell.swift in Sources */ = {isa = PBXBuildFile; fileRef = A2AE30C91DE6B718009BD9DE /* RecommentNormalCell.swift */; };
		A2AE30CC1DE6B738009BD9DE /* RecommentNormalCell.xib in Resources */ = {isa = PBXBuildFile; fileRef = A2AE30CB1DE6B738009BD9DE /* RecommentNormalCell.xib */; };
		A2AE30CE1DE6E648009BD9DE /* RecommendPrettyCell.swift in Sources */ = {isa = PBXBuildFile; fileRef = A2AE30CD1DE6E648009BD9DE /* RecommendPrettyCell.swift */; };
		A2AE30D01DE6E667009BD9DE /* RecommendPrettyCell.xib in Resources */ = {isa = PBXBuildFile; fileRef = A2AE30CF1DE6E667009BD9DE /* RecommendPrettyCell.xib */; };
		A2C853261DF7E764000F3322 /* AdvertController.swift in Sources */ = {isa = PBXBuildFile; fileRef = A2C853251DF7E764000F3322 /* AdvertController.swift */; };
		A2C853281DF7E7B4000F3322 /* AdvertViewModel.swift in Sources */ = {isa = PBXBuildFile; fileRef = A2C853271DF7E7B4000F3322 /* AdvertViewModel.swift */; };
		A2C8532A1DF7E7D9000F3322 /* AdvertModel.swift in Sources */ = {isa = PBXBuildFile; fileRef = A2C853291DF7E7D9000F3322 /* AdvertModel.swift */; };
		A2C853691DF80452000F3322 /* LivePageTitleView.swift in Sources */ = {isa = PBXBuildFile; fileRef = A2C853681DF80452000F3322 /* LivePageTitleView.swift */; };
		A2C8536B1DF8092F000F3322 /* LiveTitleViewModel.swift in Sources */ = {isa = PBXBuildFile; fileRef = A2C8536A1DF8092F000F3322 /* LiveTitleViewModel.swift */; };
		A2C8536D1DF80A42000F3322 /* LiveTitleModel.swift in Sources */ = {isa = PBXBuildFile; fileRef = A2C8536C1DF80A42000F3322 /* LiveTitleModel.swift */; };
		A2C9C66A1DED5BC400793FEF /* BaseModel.swift in Sources */ = {isa = PBXBuildFile; fileRef = A2C9C6691DED5BC400793FEF /* BaseModel.swift */; };
		A2C9C66C1DED5F4700793FEF /* AnchorModel.swift in Sources */ = {isa = PBXBuildFile; fileRef = A2C9C66B1DED5F4700793FEF /* AnchorModel.swift */; };
		A2C9C6701DED68CC00793FEF /* RecomFaceModel.swift in Sources */ = {isa = PBXBuildFile; fileRef = A2C9C66F1DED68CC00793FEF /* RecomFaceModel.swift */; };
		A2C9C6761DED6D9500793FEF /* RecomViewModel.swift in Sources */ = {isa = PBXBuildFile; fileRef = A2C9C6751DED6D9500793FEF /* RecomViewModel.swift */; };
		A2C9C67D1DED723200793FEF /* HttpApiSign.swift in Sources */ = {isa = PBXBuildFile; fileRef = A2C9C67A1DED723200793FEF /* HttpApiSign.swift */; };
		A2C9C67E1DED723200793FEF /* HttpClient.swift in Sources */ = {isa = PBXBuildFile; fileRef = A2C9C67B1DED723200793FEF /* HttpClient.swift */; };
		A2C9C67F1DED723200793FEF /* HttpDriver.swift in Sources */ = {isa = PBXBuildFile; fileRef = A2C9C67C1DED723200793FEF /* HttpDriver.swift */; };
		A2C9C6861DED7F9400793FEF /* HmhThirdLibExtension.swift in Sources */ = {isa = PBXBuildFile; fileRef = A2C9C6851DED7F9400793FEF /* HmhThirdLibExtension.swift */; };
		A2C9C6881DED803400793FEF /* MyNetWorkingConfig.swift in Sources */ = {isa = PBXBuildFile; fileRef = A2C9C6871DED803400793FEF /* MyNetWorkingConfig.swift */; };
		A2C9C68F1DEEC21900793FEF /* BaseFailedView.swift in Sources */ = {isa = PBXBuildFile; fileRef = A2C9C68E1DEEC21900793FEF /* BaseFailedView.swift */; };
		A2C9C6931DEEC58100793FEF /* BaseFailedView.xib in Resources */ = {isa = PBXBuildFile; fileRef = A2C9C6921DEEC58100793FEF /* BaseFailedView.xib */; };
		A2C9C6961DF005F500793FEF /* MHCycleView.swift in Sources */ = {isa = PBXBuildFile; fileRef = A2C9C6951DF005F500793FEF /* MHCycleView.swift */; };
		A2C9C6981DF0060200793FEF /* MHCycleViewCell.swift in Sources */ = {isa = PBXBuildFile; fileRef = A2C9C6971DF0060200793FEF /* MHCycleViewCell.swift */; };
		A2C9C69A1DF0060D00793FEF /* MHCycleModel.swift in Sources */ = {isa = PBXBuildFile; fileRef = A2C9C6991DF0060D00793FEF /* MHCycleModel.swift */; };
		A2C9C69E1DF008C300793FEF /* MHCycleViewBundle.bundle in Resources */ = {isa = PBXBuildFile; fileRef = A2C9C69D1DF008C300793FEF /* MHCycleViewBundle.bundle */; };
		A2C9C6A01DF00C7800793FEF /* CycleModel.swift in Sources */ = {isa = PBXBuildFile; fileRef = A2C9C69F1DF00C7800793FEF /* CycleModel.swift */; };
		A2C9C6A21DF05BA200793FEF /* RecomGameView.swift in Sources */ = {isa = PBXBuildFile; fileRef = A2C9C6A11DF05BA200793FEF /* RecomGameView.swift */; };
		A2C9C6A41DF05BE300793FEF /* RecomGameViewCell.swift in Sources */ = {isa = PBXBuildFile; fileRef = A2C9C6A31DF05BE300793FEF /* RecomGameViewCell.swift */; };
		A2C9C6B21DF1490100793FEF /* MHRefreshControl.swift in Sources */ = {isa = PBXBuildFile; fileRef = A2C9C6B11DF1490100793FEF /* MHRefreshControl.swift */; };
		A2C9C6B41DF1490E00793FEF /* MHRefreshView.swift in Sources */ = {isa = PBXBuildFile; fileRef = A2C9C6B31DF1490E00793FEF /* MHRefreshView.swift */; };
		A2C9C6B61DF1492300793FEF /* MHAnimatorRefreshView.swift in Sources */ = {isa = PBXBuildFile; fileRef = A2C9C6B51DF1492300793FEF /* MHAnimatorRefreshView.swift */; };
		A2C9C6BA1DF5055D00793FEF /* MyHeaderView.swift in Sources */ = {isa = PBXBuildFile; fileRef = A2C9C6B91DF5055D00793FEF /* MyHeaderView.swift */; };
		A2C9C6BE1DF50B5300793FEF /* MyHeaderViewCell.swift in Sources */ = {isa = PBXBuildFile; fileRef = A2C9C6BD1DF50B5300793FEF /* MyHeaderViewCell.swift */; };
		A2C9C6C01DF518DE00793FEF /* MGameViewModel.swift in Sources */ = {isa = PBXBuildFile; fileRef = A2C9C6BF1DF518DE00793FEF /* MGameViewModel.swift */; };
		A2C9C6C21DF68C0600793FEF /* AllGameViewController.swift in Sources */ = {isa = PBXBuildFile; fileRef = A2C9C6C11DF68C0600793FEF /* AllGameViewController.swift */; };
		A2C9C6C41DF6B9BC00793FEF /* GameViewModel.swift in Sources */ = {isa = PBXBuildFile; fileRef = A2C9C6C31DF6B9BC00793FEF /* GameViewModel.swift */; };
		A2C9C6C61DF6BA8C00793FEF /* HotModel.swift in Sources */ = {isa = PBXBuildFile; fileRef = A2C9C6C51DF6BA8C00793FEF /* HotModel.swift */; };
		A2C9C6C81DF7A94A00793FEF /* EnmentViewModel.swift in Sources */ = {isa = PBXBuildFile; fileRef = A2C9C6C71DF7A94A00793FEF /* EnmentViewModel.swift */; };
		A2C9C6CA1DF7B47300793FEF /* FunViewModel.swift in Sources */ = {isa = PBXBuildFile; fileRef = A2C9C6C91DF7B47300793FEF /* FunViewModel.swift */; };
		A2F4A5501DF8F0FF0095995A /* LiveNormalController.swift in Sources */ = {isa = PBXBuildFile; fileRef = A2F4A54F1DF8F0FF0095995A /* LiveNormalController.swift */; };
		A2F4A5521DF8F48C0095995A /* BaseAnchorViewController.swift in Sources */ = {isa = PBXBuildFile; fileRef = A2F4A5511DF8F48C0095995A /* BaseAnchorViewController.swift */; };
		A2F4A5541DF92DDC0095995A /* LiveAllController.swift in Sources */ = {isa = PBXBuildFile; fileRef = A2F4A5531DF92DDC0095995A /* LiveAllController.swift */; };
		A2F545641DE29B0000F62A81 /* AppDelegate.swift in Sources */ = {isa = PBXBuildFile; fileRef = A2F545631DE29B0000F62A81 /* AppDelegate.swift */; };
		A2F5456B1DE29B0000F62A81 /* Assets.xcassets in Resources */ = {isa = PBXBuildFile; fileRef = A2F5456A1DE29B0000F62A81 /* Assets.xcassets */; };
		A2F5456E1DE29B0000F62A81 /* LaunchScreen.storyboard in Resources */ = {isa = PBXBuildFile; fileRef = A2F5456C1DE29B0000F62A81 /* LaunchScreen.storyboard */; };
		A2F545791DE29B0100F62A81 /* DouYuTVTests.swift in Sources */ = {isa = PBXBuildFile; fileRef = A2F545781DE29B0100F62A81 /* DouYuTVTests.swift */; };
		A2F545841DE29B0100F62A81 /* DouYuTVUITests.swift in Sources */ = {isa = PBXBuildFile; fileRef = A2F545831DE29B0100F62A81 /* DouYuTVUITests.swift */; };
		A2F546101DE3E94500F62A81 /* dyla_shayuniang_progress.gif in Resources */ = {isa = PBXBuildFile; fileRef = A2F5460E1DE3E94500F62A81 /* dyla_shayuniang_progress.gif */; };
		A2F546111DE3E94500F62A81 /* dyla_横屏提示.gif in Resources */ = {isa = PBXBuildFile; fileRef = A2F5460F1DE3E94500F62A81 /* dyla_横屏提示.gif */; };
		A2F546271DE4173300F62A81 /* Main.storyboard in Resources */ = {isa = PBXBuildFile; fileRef = A2F546261DE4173300F62A81 /* Main.storyboard */; };
		A2F5462B1DE417C000F62A81 /* BaseTabBarController.swift in Sources */ = {isa = PBXBuildFile; fileRef = A2F5462A1DE417C000F62A81 /* BaseTabBarController.swift */; };
		A2F5462D1DE4180600F62A81 /* HomeViewController.swift in Sources */ = {isa = PBXBuildFile; fileRef = A2F5462C1DE4180600F62A81 /* HomeViewController.swift */; };
		A2F5462F1DE4183500F62A81 /* LiveViewController.swift in Sources */ = {isa = PBXBuildFile; fileRef = A2F5462E1DE4183500F62A81 /* LiveViewController.swift */; };
		A2F546311DE4186B00F62A81 /* MovieController.swift in Sources */ = {isa = PBXBuildFile; fileRef = A2F546301DE4186B00F62A81 /* MovieController.swift */; };
		A2F546331DE4189000F62A81 /* FollowController.swift in Sources */ = {isa = PBXBuildFile; fileRef = A2F546321DE4189000F62A81 /* FollowController.swift */; };
		A2F546351DE418B300F62A81 /* ProfileController.swift in Sources */ = {isa = PBXBuildFile; fileRef = A2F546341DE418B300F62A81 /* ProfileController.swift */; };
		A2F546371DE4195700F62A81 /* HmhTools.swift in Sources */ = {isa = PBXBuildFile; fileRef = A2F546361DE4195700F62A81 /* HmhTools.swift */; };
		A2F546391DE4223700F62A81 /* HmhUIExtension.swift in Sources */ = {isa = PBXBuildFile; fileRef = A2F546381DE4223700F62A81 /* HmhUIExtension.swift */; };
		A2F5463B1DE4266F00F62A81 /* BaseNavigationController.swift in Sources */ = {isa = PBXBuildFile; fileRef = A2F5463A1DE4266F00F62A81 /* BaseNavigationController.swift */; };
		A2F5463E1DE4379D00F62A81 /* PageTitleView.swift in Sources */ = {isa = PBXBuildFile; fileRef = A2F5463D1DE4379D00F62A81 /* PageTitleView.swift */; };
		A2F546411DE43C2400F62A81 /* HmhConfig.swift in Sources */ = {isa = PBXBuildFile; fileRef = A2F546401DE43C2400F62A81 /* HmhConfig.swift */; };
/* End PBXBuildFile section */

/* Begin PBXContainerItemProxy section */
		A2F545751DE29B0100F62A81 /* PBXContainerItemProxy */ = {
			isa = PBXContainerItemProxy;
			containerPortal = A2F545581DE29B0000F62A81 /* Project object */;
			proxyType = 1;
			remoteGlobalIDString = A2F5455F1DE29B0000F62A81;
			remoteInfo = DouYuTV;
		};
		A2F545801DE29B0100F62A81 /* PBXContainerItemProxy */ = {
			isa = PBXContainerItemProxy;
			containerPortal = A2F545581DE29B0000F62A81 /* Project object */;
			proxyType = 1;
			remoteGlobalIDString = A2F5455F1DE29B0000F62A81;
			remoteInfo = DouYuTV;
		};
/* End PBXContainerItemProxy section */

/* Begin PBXFileReference section */
		3C64EC8026ACDFC6B7DDBC8A /* Pods-DouYuTV.release.xcconfig */ = {isa = PBXFileReference; includeInIndex = 1; lastKnownFileType = text.xcconfig; name = "Pods-DouYuTV.release.xcconfig"; path = "Pods/Target Support Files/Pods-DouYuTV/Pods-DouYuTV.release.xcconfig"; sourceTree = "<group>"; };
		73E5FF7AC502A7222EB471C6 /* Pods_DouYuTV.framework */ = {isa = PBXFileReference; explicitFileType = wrapper.framework; includeInIndex = 0; path = Pods_DouYuTV.framework; sourceTree = BUILT_PRODUCTS_DIR; };
		A21F60371DFF9A2300BAC589 /* LiveNormalViewModel.swift */ = {isa = PBXFileReference; fileEncoding = 4; lastKnownFileType = sourcecode.swift; path = LiveNormalViewModel.swift; sourceTree = "<group>"; };
		A21F60411DFFD64A00BAC589 /* LiveFaceController.swift */ = {isa = PBXFileReference; fileEncoding = 4; lastKnownFileType = sourcecode.swift; path = LiveFaceController.swift; sourceTree = "<group>"; };
		A21F604B1E011A6C00BAC589 /* LiveAnchorViewModel.swift */ = {isa = PBXFileReference; fileEncoding = 4; lastKnownFileType = sourcecode.swift; path = LiveAnchorViewModel.swift; sourceTree = "<group>"; };
		A21F604D1E011D6000BAC589 /* LiveAnchorTitleModel.swift */ = {isa = PBXFileReference; fileEncoding = 4; lastKnownFileType = sourcecode.swift; path = LiveAnchorTitleModel.swift; sourceTree = "<group>"; };
		A21F604F1E01220F00BAC589 /* LiveAnchorController.swift */ = {isa = PBXFileReference; fileEncoding = 4; lastKnownFileType = sourcecode.swift; path = LiveAnchorController.swift; sourceTree = "<group>"; };
		A227595F1DE541F80087E87F /* PageContentView.swift */ = {isa = PBXFileReference; fileEncoding = 4; lastKnownFileType = sourcecode.swift; path = PageContentView.swift; sourceTree = "<group>"; };
		A22759611DE584460087E87F /* RecommendViewController.swift */ = {isa = PBXFileReference; fileEncoding = 4; lastKnownFileType = sourcecode.swift; path = RecommendViewController.swift; sourceTree = "<group>"; };
		A22759631DE584550087E87F /* GameViewController.swift */ = {isa = PBXFileReference; fileEncoding = 4; lastKnownFileType = sourcecode.swift; path = GameViewController.swift; sourceTree = "<group>"; };
		A22759651DE5849E0087E87F /* EntertainmentController.swift */ = {isa = PBXFileReference; fileEncoding = 4; lastKnownFileType = sourcecode.swift; path = EntertainmentController.swift; sourceTree = "<group>"; };
		A22759671DE584C70087E87F /* MGameViewController.swift */ = {isa = PBXFileReference; fileEncoding = 4; lastKnownFileType = sourcecode.swift; path = MGameViewController.swift; sourceTree = "<group>"; };
		A22759691DE584E10087E87F /* FunViewController.swift */ = {isa = PBXFileReference; fileEncoding = 4; lastKnownFileType = sourcecode.swift; path = FunViewController.swift; sourceTree = "<group>"; };
		A24768F31DFA4A8D0007A3D5 /* MHRefreshFooterView.swift */ = {isa = PBXFileReference; fileEncoding = 4; lastKnownFileType = sourcecode.swift; path = MHRefreshFooterView.swift; sourceTree = "<group>"; };
		A2AE30C31DE67EA2009BD9DE /* RecommendSectionHeaderView.xib */ = {isa = PBXFileReference; fileEncoding = 4; lastKnownFileType = file.xib; path = RecommendSectionHeaderView.xib; sourceTree = "<group>"; };
		A2AE30C51DE69431009BD9DE /* BaseViewController.swift */ = {isa = PBXFileReference; fileEncoding = 4; lastKnownFileType = sourcecode.swift; path = BaseViewController.swift; sourceTree = "<group>"; };
		A2AE30C71DE6B4AD009BD9DE /* RecommendSectionHeaderView.swift */ = {isa = PBXFileReference; fileEncoding = 4; lastKnownFileType = sourcecode.swift; path = RecommendSectionHeaderView.swift; sourceTree = "<group>"; };
		A2AE30C91DE6B718009BD9DE /* RecommentNormalCell.swift */ = {isa = PBXFileReference; fileEncoding = 4; lastKnownFileType = sourcecode.swift; path = RecommentNormalCell.swift; sourceTree = "<group>"; };
		A2AE30CB1DE6B738009BD9DE /* RecommentNormalCell.xib */ = {isa = PBXFileReference; fileEncoding = 4; lastKnownFileType = file.xib; path = RecommentNormalCell.xib; sourceTree = "<group>"; };
		A2AE30CD1DE6E648009BD9DE /* RecommendPrettyCell.swift */ = {isa = PBXFileReference; fileEncoding = 4; lastKnownFileType = sourcecode.swift; path = RecommendPrettyCell.swift; sourceTree = "<group>"; };
		A2AE30CF1DE6E667009BD9DE /* RecommendPrettyCell.xib */ = {isa = PBXFileReference; fileEncoding = 4; lastKnownFileType = file.xib; path = RecommendPrettyCell.xib; sourceTree = "<group>"; };
		A2C853251DF7E764000F3322 /* AdvertController.swift */ = {isa = PBXFileReference; fileEncoding = 4; lastKnownFileType = sourcecode.swift; path = AdvertController.swift; sourceTree = "<group>"; };
		A2C853271DF7E7B4000F3322 /* AdvertViewModel.swift */ = {isa = PBXFileReference; fileEncoding = 4; lastKnownFileType = sourcecode.swift; path = AdvertViewModel.swift; sourceTree = "<group>"; };
		A2C853291DF7E7D9000F3322 /* AdvertModel.swift */ = {isa = PBXFileReference; fileEncoding = 4; lastKnownFileType = sourcecode.swift; path = AdvertModel.swift; sourceTree = "<group>"; };
		A2C853681DF80452000F3322 /* LivePageTitleView.swift */ = {isa = PBXFileReference; fileEncoding = 4; lastKnownFileType = sourcecode.swift; path = LivePageTitleView.swift; sourceTree = "<group>"; };
		A2C8536A1DF8092F000F3322 /* LiveTitleViewModel.swift */ = {isa = PBXFileReference; fileEncoding = 4; lastKnownFileType = sourcecode.swift; path = LiveTitleViewModel.swift; sourceTree = "<group>"; };
		A2C8536C1DF80A42000F3322 /* LiveTitleModel.swift */ = {isa = PBXFileReference; fileEncoding = 4; lastKnownFileType = sourcecode.swift; path = LiveTitleModel.swift; sourceTree = "<group>"; };
		A2C9C6691DED5BC400793FEF /* BaseModel.swift */ = {isa = PBXFileReference; fileEncoding = 4; lastKnownFileType = sourcecode.swift; path = BaseModel.swift; sourceTree = "<group>"; };
		A2C9C66B1DED5F4700793FEF /* AnchorModel.swift */ = {isa = PBXFileReference; fileEncoding = 4; lastKnownFileType = sourcecode.swift; path = AnchorModel.swift; sourceTree = "<group>"; };
		A2C9C66F1DED68CC00793FEF /* RecomFaceModel.swift */ = {isa = PBXFileReference; fileEncoding = 4; lastKnownFileType = sourcecode.swift; path = RecomFaceModel.swift; sourceTree = "<group>"; };
		A2C9C6751DED6D9500793FEF /* RecomViewModel.swift */ = {isa = PBXFileReference; fileEncoding = 4; lastKnownFileType = sourcecode.swift; path = RecomViewModel.swift; sourceTree = "<group>"; };
		A2C9C67A1DED723200793FEF /* HttpApiSign.swift */ = {isa = PBXFileReference; fileEncoding = 4; lastKnownFileType = sourcecode.swift; path = HttpApiSign.swift; sourceTree = "<group>"; };
		A2C9C67B1DED723200793FEF /* HttpClient.swift */ = {isa = PBXFileReference; fileEncoding = 4; lastKnownFileType = sourcecode.swift; path = HttpClient.swift; sourceTree = "<group>"; };
		A2C9C67C1DED723200793FEF /* HttpDriver.swift */ = {isa = PBXFileReference; fileEncoding = 4; lastKnownFileType = sourcecode.swift; path = HttpDriver.swift; sourceTree = "<group>"; };
		A2C9C6851DED7F9400793FEF /* HmhThirdLibExtension.swift */ = {isa = PBXFileReference; fileEncoding = 4; lastKnownFileType = sourcecode.swift; path = HmhThirdLibExtension.swift; sourceTree = "<group>"; };
		A2C9C6871DED803400793FEF /* MyNetWorkingConfig.swift */ = {isa = PBXFileReference; fileEncoding = 4; lastKnownFileType = sourcecode.swift; path = MyNetWorkingConfig.swift; sourceTree = "<group>"; };
		A2C9C68E1DEEC21900793FEF /* BaseFailedView.swift */ = {isa = PBXFileReference; fileEncoding = 4; lastKnownFileType = sourcecode.swift; path = BaseFailedView.swift; sourceTree = "<group>"; };
		A2C9C6921DEEC58100793FEF /* BaseFailedView.xib */ = {isa = PBXFileReference; fileEncoding = 4; lastKnownFileType = file.xib; path = BaseFailedView.xib; sourceTree = "<group>"; };
		A2C9C6951DF005F500793FEF /* MHCycleView.swift */ = {isa = PBXFileReference; fileEncoding = 4; lastKnownFileType = sourcecode.swift; path = MHCycleView.swift; sourceTree = "<group>"; };
		A2C9C6971DF0060200793FEF /* MHCycleViewCell.swift */ = {isa = PBXFileReference; fileEncoding = 4; lastKnownFileType = sourcecode.swift; path = MHCycleViewCell.swift; sourceTree = "<group>"; };
		A2C9C6991DF0060D00793FEF /* MHCycleModel.swift */ = {isa = PBXFileReference; fileEncoding = 4; lastKnownFileType = sourcecode.swift; path = MHCycleModel.swift; sourceTree = "<group>"; };
		A2C9C69D1DF008C300793FEF /* MHCycleViewBundle.bundle */ = {isa = PBXFileReference; lastKnownFileType = "wrapper.plug-in"; path = MHCycleViewBundle.bundle; sourceTree = "<group>"; };
		A2C9C69F1DF00C7800793FEF /* CycleModel.swift */ = {isa = PBXFileReference; fileEncoding = 4; lastKnownFileType = sourcecode.swift; path = CycleModel.swift; sourceTree = "<group>"; };
		A2C9C6A11DF05BA200793FEF /* RecomGameView.swift */ = {isa = PBXFileReference; fileEncoding = 4; lastKnownFileType = sourcecode.swift; path = RecomGameView.swift; sourceTree = "<group>"; };
		A2C9C6A31DF05BE300793FEF /* RecomGameViewCell.swift */ = {isa = PBXFileReference; fileEncoding = 4; lastKnownFileType = sourcecode.swift; path = RecomGameViewCell.swift; sourceTree = "<group>"; };
		A2C9C6B11DF1490100793FEF /* MHRefreshControl.swift */ = {isa = PBXFileReference; fileEncoding = 4; lastKnownFileType = sourcecode.swift; path = MHRefreshControl.swift; sourceTree = "<group>"; };
		A2C9C6B31DF1490E00793FEF /* MHRefreshView.swift */ = {isa = PBXFileReference; fileEncoding = 4; lastKnownFileType = sourcecode.swift; path = MHRefreshView.swift; sourceTree = "<group>"; };
		A2C9C6B51DF1492300793FEF /* MHAnimatorRefreshView.swift */ = {isa = PBXFileReference; fileEncoding = 4; lastKnownFileType = sourcecode.swift; path = MHAnimatorRefreshView.swift; sourceTree = "<group>"; };
		A2C9C6B91DF5055D00793FEF /* MyHeaderView.swift */ = {isa = PBXFileReference; fileEncoding = 4; lastKnownFileType = sourcecode.swift; path = MyHeaderView.swift; sourceTree = "<group>"; };
		A2C9C6BD1DF50B5300793FEF /* MyHeaderViewCell.swift */ = {isa = PBXFileReference; fileEncoding = 4; lastKnownFileType = sourcecode.swift; path = MyHeaderViewCell.swift; sourceTree = "<group>"; };
		A2C9C6BF1DF518DE00793FEF /* MGameViewModel.swift */ = {isa = PBXFileReference; fileEncoding = 4; lastKnownFileType = sourcecode.swift; path = MGameViewModel.swift; sourceTree = "<group>"; };
		A2C9C6C11DF68C0600793FEF /* AllGameViewController.swift */ = {isa = PBXFileReference; fileEncoding = 4; lastKnownFileType = sourcecode.swift; path = AllGameViewController.swift; sourceTree = "<group>"; };
		A2C9C6C31DF6B9BC00793FEF /* GameViewModel.swift */ = {isa = PBXFileReference; fileEncoding = 4; lastKnownFileType = sourcecode.swift; path = GameViewModel.swift; sourceTree = "<group>"; };
		A2C9C6C51DF6BA8C00793FEF /* HotModel.swift */ = {isa = PBXFileReference; fileEncoding = 4; lastKnownFileType = sourcecode.swift; path = HotModel.swift; sourceTree = "<group>"; };
		A2C9C6C71DF7A94A00793FEF /* EnmentViewModel.swift */ = {isa = PBXFileReference; fileEncoding = 4; lastKnownFileType = sourcecode.swift; path = EnmentViewModel.swift; sourceTree = "<group>"; };
		A2C9C6C91DF7B47300793FEF /* FunViewModel.swift */ = {isa = PBXFileReference; fileEncoding = 4; lastKnownFileType = sourcecode.swift; path = FunViewModel.swift; sourceTree = "<group>"; };
		A2F4A54F1DF8F0FF0095995A /* LiveNormalController.swift */ = {isa = PBXFileReference; fileEncoding = 4; lastKnownFileType = sourcecode.swift; path = LiveNormalController.swift; sourceTree = "<group>"; };
		A2F4A5511DF8F48C0095995A /* BaseAnchorViewController.swift */ = {isa = PBXFileReference; fileEncoding = 4; lastKnownFileType = sourcecode.swift; path = BaseAnchorViewController.swift; sourceTree = "<group>"; };
		A2F4A5531DF92DDC0095995A /* LiveAllController.swift */ = {isa = PBXFileReference; fileEncoding = 4; lastKnownFileType = sourcecode.swift; path = LiveAllController.swift; sourceTree = "<group>"; };
		A2F545601DE29B0000F62A81 /* DouYuTV.app */ = {isa = PBXFileReference; explicitFileType = wrapper.application; includeInIndex = 0; path = DouYuTV.app; sourceTree = BUILT_PRODUCTS_DIR; };
		A2F545631DE29B0000F62A81 /* AppDelegate.swift */ = {isa = PBXFileReference; lastKnownFileType = sourcecode.swift; path = AppDelegate.swift; sourceTree = "<group>"; };
		A2F5456A1DE29B0000F62A81 /* Assets.xcassets */ = {isa = PBXFileReference; lastKnownFileType = folder.assetcatalog; path = Assets.xcassets; sourceTree = "<group>"; };
		A2F5456D1DE29B0000F62A81 /* Base */ = {isa = PBXFileReference; lastKnownFileType = file.storyboard; name = Base; path = Base.lproj/LaunchScreen.storyboard; sourceTree = "<group>"; };
		A2F5456F1DE29B0000F62A81 /* Info.plist */ = {isa = PBXFileReference; lastKnownFileType = text.plist.xml; path = Info.plist; sourceTree = "<group>"; };
		A2F545741DE29B0100F62A81 /* DouYuTVTests.xctest */ = {isa = PBXFileReference; explicitFileType = wrapper.cfbundle; includeInIndex = 0; path = DouYuTVTests.xctest; sourceTree = BUILT_PRODUCTS_DIR; };
		A2F545781DE29B0100F62A81 /* DouYuTVTests.swift */ = {isa = PBXFileReference; lastKnownFileType = sourcecode.swift; path = DouYuTVTests.swift; sourceTree = "<group>"; };
		A2F5457A1DE29B0100F62A81 /* Info.plist */ = {isa = PBXFileReference; lastKnownFileType = text.plist.xml; path = Info.plist; sourceTree = "<group>"; };
		A2F5457F1DE29B0100F62A81 /* DouYuTVUITests.xctest */ = {isa = PBXFileReference; explicitFileType = wrapper.cfbundle; includeInIndex = 0; path = DouYuTVUITests.xctest; sourceTree = BUILT_PRODUCTS_DIR; };
		A2F545831DE29B0100F62A81 /* DouYuTVUITests.swift */ = {isa = PBXFileReference; lastKnownFileType = sourcecode.swift; path = DouYuTVUITests.swift; sourceTree = "<group>"; };
		A2F545851DE29B0100F62A81 /* Info.plist */ = {isa = PBXFileReference; lastKnownFileType = text.plist.xml; path = Info.plist; sourceTree = "<group>"; };
		A2F5460E1DE3E94500F62A81 /* dyla_shayuniang_progress.gif */ = {isa = PBXFileReference; lastKnownFileType = image.gif; path = dyla_shayuniang_progress.gif; sourceTree = "<group>"; };
		A2F5460F1DE3E94500F62A81 /* dyla_横屏提示.gif */ = {isa = PBXFileReference; lastKnownFileType = image.gif; path = "dyla_横屏提示.gif"; sourceTree = "<group>"; };
		A2F546261DE4173300F62A81 /* Main.storyboard */ = {isa = PBXFileReference; fileEncoding = 4; lastKnownFileType = file.storyboard; path = Main.storyboard; sourceTree = "<group>"; };
		A2F5462A1DE417C000F62A81 /* BaseTabBarController.swift */ = {isa = PBXFileReference; fileEncoding = 4; lastKnownFileType = sourcecode.swift; path = BaseTabBarController.swift; sourceTree = "<group>"; };
		A2F5462C1DE4180600F62A81 /* HomeViewController.swift */ = {isa = PBXFileReference; fileEncoding = 4; lastKnownFileType = sourcecode.swift; path = HomeViewController.swift; sourceTree = "<group>"; };
		A2F5462E1DE4183500F62A81 /* LiveViewController.swift */ = {isa = PBXFileReference; fileEncoding = 4; lastKnownFileType = sourcecode.swift; path = LiveViewController.swift; sourceTree = "<group>"; };
		A2F546301DE4186B00F62A81 /* MovieController.swift */ = {isa = PBXFileReference; fileEncoding = 4; lastKnownFileType = sourcecode.swift; path = MovieController.swift; sourceTree = "<group>"; };
		A2F546321DE4189000F62A81 /* FollowController.swift */ = {isa = PBXFileReference; fileEncoding = 4; lastKnownFileType = sourcecode.swift; path = FollowController.swift; sourceTree = "<group>"; };
		A2F546341DE418B300F62A81 /* ProfileController.swift */ = {isa = PBXFileReference; fileEncoding = 4; lastKnownFileType = sourcecode.swift; path = ProfileController.swift; sourceTree = "<group>"; };
		A2F546361DE4195700F62A81 /* HmhTools.swift */ = {isa = PBXFileReference; fileEncoding = 4; lastKnownFileType = sourcecode.swift; path = HmhTools.swift; sourceTree = "<group>"; };
		A2F546381DE4223700F62A81 /* HmhUIExtension.swift */ = {isa = PBXFileReference; fileEncoding = 4; lastKnownFileType = sourcecode.swift; path = HmhUIExtension.swift; sourceTree = "<group>"; };
		A2F5463A1DE4266F00F62A81 /* BaseNavigationController.swift */ = {isa = PBXFileReference; fileEncoding = 4; lastKnownFileType = sourcecode.swift; path = BaseNavigationController.swift; sourceTree = "<group>"; };
		A2F5463D1DE4379D00F62A81 /* PageTitleView.swift */ = {isa = PBXFileReference; fileEncoding = 4; lastKnownFileType = sourcecode.swift; path = PageTitleView.swift; sourceTree = "<group>"; };
		A2F546401DE43C2400F62A81 /* HmhConfig.swift */ = {isa = PBXFileReference; fileEncoding = 4; lastKnownFileType = sourcecode.swift; path = HmhConfig.swift; sourceTree = "<group>"; };
		DCD096C5090BE497F720DA8F /* Pods-DouYuTV.debug.xcconfig */ = {isa = PBXFileReference; includeInIndex = 1; lastKnownFileType = text.xcconfig; name = "Pods-DouYuTV.debug.xcconfig"; path = "Pods/Target Support Files/Pods-DouYuTV/Pods-DouYuTV.debug.xcconfig"; sourceTree = "<group>"; };
/* End PBXFileReference section */

/* Begin PBXFrameworksBuildPhase section */
		A2F5455D1DE29B0000F62A81 /* Frameworks */ = {
			isa = PBXFrameworksBuildPhase;
			buildActionMask = 2147483647;
			files = (
				4D44614C0A26679A2F613C5B /* Pods_DouYuTV.framework in Frameworks */,
			);
			runOnlyForDeploymentPostprocessing = 0;
		};
		A2F545711DE29B0100F62A81 /* Frameworks */ = {
			isa = PBXFrameworksBuildPhase;
			buildActionMask = 2147483647;
			files = (
			);
			runOnlyForDeploymentPostprocessing = 0;
		};
		A2F5457C1DE29B0100F62A81 /* Frameworks */ = {
			isa = PBXFrameworksBuildPhase;
			buildActionMask = 2147483647;
			files = (
			);
			runOnlyForDeploymentPostprocessing = 0;
		};
/* End PBXFrameworksBuildPhase section */

/* Begin PBXGroup section */
		2C6FF6A5DEE0F9CB4BF195CF /* Pods */ = {
			isa = PBXGroup;
			children = (
				DCD096C5090BE497F720DA8F /* Pods-DouYuTV.debug.xcconfig */,
				3C64EC8026ACDFC6B7DDBC8A /* Pods-DouYuTV.release.xcconfig */,
			);
			name = Pods;
			sourceTree = "<group>";
		};
		49CD421535247287AECD338C /* Frameworks */ = {
			isa = PBXGroup;
			children = (
				73E5FF7AC502A7222EB471C6 /* Pods_DouYuTV.framework */,
			);
			name = Frameworks;
			sourceTree = "<group>";
		};
		A2C853201DF7E5B8000F3322 /* Advert */ = {
			isa = PBXGroup;
			children = (
				A2C853211DF7E745000F3322 /* Controllers */,
				A2C853241DF7E745000F3322 /* Views */,
				A2C853221DF7E745000F3322 /* Models */,
				A2C853231DF7E745000F3322 /* ViewModels */,
			);
			path = Advert;
			sourceTree = "<group>";
		};
		A2C853211DF7E745000F3322 /* Controllers */ = {
			isa = PBXGroup;
			children = (
				A2C853251DF7E764000F3322 /* AdvertController.swift */,
			);
			path = Controllers;
			sourceTree = "<group>";
		};
		A2C853221DF7E745000F3322 /* Models */ = {
			isa = PBXGroup;
			children = (
				A2C853291DF7E7D9000F3322 /* AdvertModel.swift */,
			);
			path = Models;
			sourceTree = "<group>";
		};
		A2C853231DF7E745000F3322 /* ViewModels */ = {
			isa = PBXGroup;
			children = (
				A2C853271DF7E7B4000F3322 /* AdvertViewModel.swift */,
			);
			path = ViewModels;
			sourceTree = "<group>";
		};
		A2C853241DF7E745000F3322 /* Views */ = {
			isa = PBXGroup;
			children = (
			);
			path = Views;
			sourceTree = "<group>";
		};
		A2C853651DF803D5000F3322 /* Models */ = {
			isa = PBXGroup;
			children = (
				A2C8536C1DF80A42000F3322 /* LiveTitleModel.swift */,
				A21F604D1E011D6000BAC589 /* LiveAnchorTitleModel.swift */,
			);
			path = Models;
			sourceTree = "<group>";
		};
		A2C853661DF803D5000F3322 /* ViewModels */ = {
			isa = PBXGroup;
			children = (
				A21F60371DFF9A2300BAC589 /* LiveNormalViewModel.swift */,
				A2C8536A1DF8092F000F3322 /* LiveTitleViewModel.swift */,
				A21F604B1E011A6C00BAC589 /* LiveAnchorViewModel.swift */,
			);
			path = ViewModels;
			sourceTree = "<group>";
		};
		A2C853671DF803D5000F3322 /* Views */ = {
			isa = PBXGroup;
			children = (
				A2C853681DF80452000F3322 /* LivePageTitleView.swift */,
			);
			path = Views;
			sourceTree = "<group>";
		};
		A2C9C6631DED5A9500793FEF /* Models */ = {
			isa = PBXGroup;
			children = (
				A2C9C66F1DED68CC00793FEF /* RecomFaceModel.swift */,
				A2C9C69F1DF00C7800793FEF /* CycleModel.swift */,
			);
			path = Models;
			sourceTree = "<group>";
		};
		A2C9C6641DED5A9500793FEF /* ViewModels */ = {
			isa = PBXGroup;
			children = (
				A2C9C6751DED6D9500793FEF /* RecomViewModel.swift */,
				A2C9C6C31DF6B9BC00793FEF /* GameViewModel.swift */,
				A2C9C6C71DF7A94A00793FEF /* EnmentViewModel.swift */,
				A2C9C6BF1DF518DE00793FEF /* MGameViewModel.swift */,
				A2C9C6C91DF7B47300793FEF /* FunViewModel.swift */,
			);
			path = ViewModels;
			sourceTree = "<group>";
		};
		A2C9C6681DED5BB200793FEF /* Models */ = {
			isa = PBXGroup;
			children = (
				A2C9C6691DED5BC400793FEF /* BaseModel.swift */,
				A2C9C66B1DED5F4700793FEF /* AnchorModel.swift */,
				A2C9C6C51DF6BA8C00793FEF /* HotModel.swift */,
			);
			name = Models;
			path = ../Models;
			sourceTree = "<group>";
		};
		A2C9C6791DED722600793FEF /* NetWork */ = {
			isa = PBXGroup;
			children = (
				A2C9C67A1DED723200793FEF /* HttpApiSign.swift */,
				A2C9C67B1DED723200793FEF /* HttpClient.swift */,
				A2C9C67C1DED723200793FEF /* HttpDriver.swift */,
			);
			path = NetWork;
			sourceTree = "<group>";
		};
		A2C9C68D1DEEC20500793FEF /* Views */ = {
			isa = PBXGroup;
			children = (
				A2C9C6A51DF1475400793FEF /* MHRefreshView */,
				A2C9C6941DF005D900793FEF /* MHCycleView */,
				A2C9C68E1DEEC21900793FEF /* BaseFailedView.swift */,
				A2C9C6921DEEC58100793FEF /* BaseFailedView.xib */,
				A2C9C6B91DF5055D00793FEF /* MyHeaderView.swift */,
				A2C9C6BD1DF50B5300793FEF /* MyHeaderViewCell.swift */,
				A2C9C6681DED5BB200793FEF /* Models */,
			);
			path = Views;
			sourceTree = "<group>";
		};
		A2C9C6941DF005D900793FEF /* MHCycleView */ = {
			isa = PBXGroup;
			children = (
				A2C9C69D1DF008C300793FEF /* MHCycleViewBundle.bundle */,
				A2C9C6951DF005F500793FEF /* MHCycleView.swift */,
				A2C9C6971DF0060200793FEF /* MHCycleViewCell.swift */,
				A2C9C6991DF0060D00793FEF /* MHCycleModel.swift */,
			);
			path = MHCycleView;
			sourceTree = "<group>";
		};
		A2C9C6A51DF1475400793FEF /* MHRefreshView */ = {
			isa = PBXGroup;
			children = (
				A2C9C6B31DF1490E00793FEF /* MHRefreshView.swift */,
				A2C9C6B51DF1492300793FEF /* MHAnimatorRefreshView.swift */,
				A2C9C6B11DF1490100793FEF /* MHRefreshControl.swift */,
				A24768F31DFA4A8D0007A3D5 /* MHRefreshFooterView.swift */,
			);
			path = MHRefreshView;
			sourceTree = "<group>";
		};
		A2F545571DE29B0000F62A81 = {
			isa = PBXGroup;
			children = (
				A2F545621DE29B0000F62A81 /* DouYuTV */,
				A2F545771DE29B0100F62A81 /* DouYuTVTests */,
				A2F545821DE29B0100F62A81 /* DouYuTVUITests */,
				A2F545611DE29B0000F62A81 /* Products */,
				2C6FF6A5DEE0F9CB4BF195CF /* Pods */,
				49CD421535247287AECD338C /* Frameworks */,
			);
			sourceTree = "<group>";
		};
		A2F545611DE29B0000F62A81 /* Products */ = {
			isa = PBXGroup;
			children = (
				A2F545601DE29B0000F62A81 /* DouYuTV.app */,
				A2F545741DE29B0100F62A81 /* DouYuTVTests.xctest */,
				A2F5457F1DE29B0100F62A81 /* DouYuTVUITests.xctest */,
			);
			name = Products;
			sourceTree = "<group>";
		};
		A2F545621DE29B0000F62A81 /* DouYuTV */ = {
			isa = PBXGroup;
			children = (
				A2F546141DE411DA00F62A81 /* Classes */,
				A2F545631DE29B0000F62A81 /* AppDelegate.swift */,
				A2F5456A1DE29B0000F62A81 /* Assets.xcassets */,
				A2F5456C1DE29B0000F62A81 /* LaunchScreen.storyboard */,
				A2F5456F1DE29B0000F62A81 /* Info.plist */,
				A2F5460D1DE3E94500F62A81 /* Resource */,
			);
			path = DouYuTV;
			sourceTree = "<group>";
		};
		A2F545771DE29B0100F62A81 /* DouYuTVTests */ = {
			isa = PBXGroup;
			children = (
				A2F545781DE29B0100F62A81 /* DouYuTVTests.swift */,
				A2F5457A1DE29B0100F62A81 /* Info.plist */,
			);
			path = DouYuTVTests;
			sourceTree = "<group>";
		};
		A2F545821DE29B0100F62A81 /* DouYuTVUITests */ = {
			isa = PBXGroup;
			children = (
				A2F545831DE29B0100F62A81 /* DouYuTVUITests.swift */,
				A2F545851DE29B0100F62A81 /* Info.plist */,
			);
			path = DouYuTVUITests;
			sourceTree = "<group>";
		};
		A2F5460D1DE3E94500F62A81 /* Resource */ = {
			isa = PBXGroup;
			children = (
				A2F5460E1DE3E94500F62A81 /* dyla_shayuniang_progress.gif */,
				A2F5460F1DE3E94500F62A81 /* dyla_横屏提示.gif */,
			);
			path = Resource;
			sourceTree = "<group>";
		};
		A2F546141DE411DA00F62A81 /* Classes */ = {
			isa = PBXGroup;
			children = (
				A2C853201DF7E5B8000F3322 /* Advert */,
				A2F546231DE4171800F62A81 /* Main */,
				A2F546161DE411DA00F62A81 /* Home */,
				A2F546171DE411DA00F62A81 /* Live */,
				A2F546181DE411DA00F62A81 /* Movie */,
				A2F546151DE411DA00F62A81 /* Follow */,
				A2F546191DE411DA00F62A81 /* Profile */,
				A2F5461A1DE411F500F62A81 /* Tools */,
				A2F5463F1DE43C1200F62A81 /* Config */,
			);
			path = Classes;
			sourceTree = "<group>";
		};
		A2F546151DE411DA00F62A81 /* Follow */ = {
			isa = PBXGroup;
			children = (
				A2F546211DE416B900F62A81 /* Controllers */,
			);
			path = Follow;
			sourceTree = "<group>";
		};
		A2F546161DE411DA00F62A81 /* Home */ = {
			isa = PBXGroup;
			children = (
				A2F5461B1DE4131600F62A81 /* Controllers */,
				A2F5463C1DE4377F00F62A81 /* Views */,
				A2C9C6641DED5A9500793FEF /* ViewModels */,
				A2C9C6631DED5A9500793FEF /* Models */,
			);
			path = Home;
			sourceTree = "<group>";
		};
		A2F546171DE411DA00F62A81 /* Live */ = {
			isa = PBXGroup;
			children = (
				A2F5461F1DE416A600F62A81 /* Controllers */,
				A2C853671DF803D5000F3322 /* Views */,
				A2C853651DF803D5000F3322 /* Models */,
				A2C853661DF803D5000F3322 /* ViewModels */,
			);
			path = Live;
			sourceTree = "<group>";
		};
		A2F546181DE411DA00F62A81 /* Movie */ = {
			isa = PBXGroup;
			children = (
				A2F546201DE416AF00F62A81 /* Controllers */,
			);
			path = Movie;
			sourceTree = "<group>";
		};
		A2F546191DE411DA00F62A81 /* Profile */ = {
			isa = PBXGroup;
			children = (
				A2F546221DE416C400F62A81 /* Controllers */,
			);
			path = Profile;
			sourceTree = "<group>";
		};
		A2F5461A1DE411F500F62A81 /* Tools */ = {
			isa = PBXGroup;
			children = (
				A2C9C6791DED722600793FEF /* NetWork */,
				A2F546361DE4195700F62A81 /* HmhTools.swift */,
				A2F546381DE4223700F62A81 /* HmhUIExtension.swift */,
				A2C9C6851DED7F9400793FEF /* HmhThirdLibExtension.swift */,
			);
			path = Tools;
			sourceTree = "<group>";
		};
		A2F5461B1DE4131600F62A81 /* Controllers */ = {
			isa = PBXGroup;
			children = (
				A2F5462C1DE4180600F62A81 /* HomeViewController.swift */,
				A22759611DE584460087E87F /* RecommendViewController.swift */,
				A22759631DE584550087E87F /* GameViewController.swift */,
				A22759651DE5849E0087E87F /* EntertainmentController.swift */,
				A22759671DE584C70087E87F /* MGameViewController.swift */,
				A22759691DE584E10087E87F /* FunViewController.swift */,
				A2C9C6C11DF68C0600793FEF /* AllGameViewController.swift */,
			);
			path = Controllers;
			sourceTree = "<group>";
		};
		A2F5461F1DE416A600F62A81 /* Controllers */ = {
			isa = PBXGroup;
			children = (
				A2F5462E1DE4183500F62A81 /* LiveViewController.swift */,
				A2F4A54F1DF8F0FF0095995A /* LiveNormalController.swift */,
				A2F4A5531DF92DDC0095995A /* LiveAllController.swift */,
				A21F604F1E01220F00BAC589 /* LiveAnchorController.swift */,
				A21F60411DFFD64A00BAC589 /* LiveFaceController.swift */,
			);
			path = Controllers;
			sourceTree = "<group>";
		};
		A2F546201DE416AF00F62A81 /* Controllers */ = {
			isa = PBXGroup;
			children = (
				A2F546301DE4186B00F62A81 /* MovieController.swift */,
			);
			path = Controllers;
			sourceTree = "<group>";
		};
		A2F546211DE416B900F62A81 /* Controllers */ = {
			isa = PBXGroup;
			children = (
				A2F546321DE4189000F62A81 /* FollowController.swift */,
			);
			path = Controllers;
			sourceTree = "<group>";
		};
		A2F546221DE416C400F62A81 /* Controllers */ = {
			isa = PBXGroup;
			children = (
				A2F546341DE418B300F62A81 /* ProfileController.swift */,
			);
			path = Controllers;
			sourceTree = "<group>";
		};
		A2F546231DE4171800F62A81 /* Main */ = {
			isa = PBXGroup;
			children = (
				A2F546251DE4173300F62A81 /* Storyboard */,
				A2F546241DE4171800F62A81 /* Controllers */,
				A2C9C68D1DEEC20500793FEF /* Views */,
			);
			path = Main;
			sourceTree = "<group>";
		};
		A2F546241DE4171800F62A81 /* Controllers */ = {
			isa = PBXGroup;
			children = (
				A2F5462A1DE417C000F62A81 /* BaseTabBarController.swift */,
				A2F5463A1DE4266F00F62A81 /* BaseNavigationController.swift */,
				A2AE30C51DE69431009BD9DE /* BaseViewController.swift */,
				A2F4A5511DF8F48C0095995A /* BaseAnchorViewController.swift */,
			);
			path = Controllers;
			sourceTree = "<group>";
		};
		A2F546251DE4173300F62A81 /* Storyboard */ = {
			isa = PBXGroup;
			children = (
				A2F546261DE4173300F62A81 /* Main.storyboard */,
			);
			path = Storyboard;
			sourceTree = "<group>";
		};
		A2F5463C1DE4377F00F62A81 /* Views */ = {
			isa = PBXGroup;
			children = (
				A2F5463D1DE4379D00F62A81 /* PageTitleView.swift */,
				A227595F1DE541F80087E87F /* PageContentView.swift */,
				A2AE30C71DE6B4AD009BD9DE /* RecommendSectionHeaderView.swift */,
				A2AE30C31DE67EA2009BD9DE /* RecommendSectionHeaderView.xib */,
				A2AE30C91DE6B718009BD9DE /* RecommentNormalCell.swift */,
				A2AE30CB1DE6B738009BD9DE /* RecommentNormalCell.xib */,
				A2AE30CD1DE6E648009BD9DE /* RecommendPrettyCell.swift */,
				A2AE30CF1DE6E667009BD9DE /* RecommendPrettyCell.xib */,
				A2C9C6A11DF05BA200793FEF /* RecomGameView.swift */,
				A2C9C6A31DF05BE300793FEF /* RecomGameViewCell.swift */,
			);
			path = Views;
			sourceTree = "<group>";
		};
		A2F5463F1DE43C1200F62A81 /* Config */ = {
			isa = PBXGroup;
			children = (
				A2C9C6871DED803400793FEF /* MyNetWorkingConfig.swift */,
				A2F546401DE43C2400F62A81 /* HmhConfig.swift */,
			);
			path = Config;
			sourceTree = "<group>";
		};
/* End PBXGroup section */

/* Begin PBXNativeTarget section */
		A2F5455F1DE29B0000F62A81 /* DouYuTV */ = {
			isa = PBXNativeTarget;
			buildConfigurationList = A2F545881DE29B0100F62A81 /* Build configuration list for PBXNativeTarget "DouYuTV" */;
			buildPhases = (
				916A0E9E6A067BB868968ED0 /* [CP] Check Pods Manifest.lock */,
				A2F5455C1DE29B0000F62A81 /* Sources */,
				A2F5455D1DE29B0000F62A81 /* Frameworks */,
				A2F5455E1DE29B0000F62A81 /* Resources */,
				1E1DF3F3219BB7D2A10B24D7 /* [CP] Embed Pods Frameworks */,
				3A030DF347829A461BE5A35D /* [CP] Copy Pods Resources */,
			);
			buildRules = (
			);
			dependencies = (
			);
			name = DouYuTV;
			productName = DouYuTV;
			productReference = A2F545601DE29B0000F62A81 /* DouYuTV.app */;
			productType = "com.apple.product-type.application";
		};
		A2F545731DE29B0100F62A81 /* DouYuTVTests */ = {
			isa = PBXNativeTarget;
			buildConfigurationList = A2F5458B1DE29B0100F62A81 /* Build configuration list for PBXNativeTarget "DouYuTVTests" */;
			buildPhases = (
				A2F545701DE29B0100F62A81 /* Sources */,
				A2F545711DE29B0100F62A81 /* Frameworks */,
				A2F545721DE29B0100F62A81 /* Resources */,
			);
			buildRules = (
			);
			dependencies = (
				A2F545761DE29B0100F62A81 /* PBXTargetDependency */,
			);
			name = DouYuTVTests;
			productName = DouYuTVTests;
			productReference = A2F545741DE29B0100F62A81 /* DouYuTVTests.xctest */;
			productType = "com.apple.product-type.bundle.unit-test";
		};
		A2F5457E1DE29B0100F62A81 /* DouYuTVUITests */ = {
			isa = PBXNativeTarget;
			buildConfigurationList = A2F5458E1DE29B0100F62A81 /* Build configuration list for PBXNativeTarget "DouYuTVUITests" */;
			buildPhases = (
				A2F5457B1DE29B0100F62A81 /* Sources */,
				A2F5457C1DE29B0100F62A81 /* Frameworks */,
				A2F5457D1DE29B0100F62A81 /* Resources */,
			);
			buildRules = (
			);
			dependencies = (
				A2F545811DE29B0100F62A81 /* PBXTargetDependency */,
			);
			name = DouYuTVUITests;
			productName = DouYuTVUITests;
			productReference = A2F5457F1DE29B0100F62A81 /* DouYuTVUITests.xctest */;
			productType = "com.apple.product-type.bundle.ui-testing";
		};
/* End PBXNativeTarget section */

/* Begin PBXProject section */
		A2F545581DE29B0000F62A81 /* Project object */ = {
			isa = PBXProject;
			attributes = {
				LastSwiftUpdateCheck = 0800;
				LastUpgradeCheck = 0800;
				ORGANIZATIONNAME = CMCC;
				TargetAttributes = {
					A2F5455F1DE29B0000F62A81 = {
						CreatedOnToolsVersion = 8.0;
						ProvisioningStyle = Manual;
					};
					A2F545731DE29B0100F62A81 = {
						CreatedOnToolsVersion = 8.0;
						ProvisioningStyle = Automatic;
						TestTargetID = A2F5455F1DE29B0000F62A81;
					};
					A2F5457E1DE29B0100F62A81 = {
						CreatedOnToolsVersion = 8.0;
						ProvisioningStyle = Automatic;
						TestTargetID = A2F5455F1DE29B0000F62A81;
					};
				};
			};
			buildConfigurationList = A2F5455B1DE29B0000F62A81 /* Build configuration list for PBXProject "DouYuTV" */;
			compatibilityVersion = "Xcode 3.2";
			developmentRegion = English;
			hasScannedForEncodings = 0;
			knownRegions = (
				en,
				Base,
			);
			mainGroup = A2F545571DE29B0000F62A81;
			productRefGroup = A2F545611DE29B0000F62A81 /* Products */;
			projectDirPath = "";
			projectRoot = "";
			targets = (
				A2F5455F1DE29B0000F62A81 /* DouYuTV */,
				A2F545731DE29B0100F62A81 /* DouYuTVTests */,
				A2F5457E1DE29B0100F62A81 /* DouYuTVUITests */,
			);
		};
/* End PBXProject section */

/* Begin PBXResourcesBuildPhase section */
		A2F5455E1DE29B0000F62A81 /* Resources */ = {
			isa = PBXResourcesBuildPhase;
			buildActionMask = 2147483647;
			files = (
				A2F546111DE3E94500F62A81 /* dyla_横屏提示.gif in Resources */,
				A2F546271DE4173300F62A81 /* Main.storyboard in Resources */,
				A2AE30D01DE6E667009BD9DE /* RecommendPrettyCell.xib in Resources */,
				A2F546101DE3E94500F62A81 /* dyla_shayuniang_progress.gif in Resources */,
				A2C9C69E1DF008C300793FEF /* MHCycleViewBundle.bundle in Resources */,
				A2F5456E1DE29B0000F62A81 /* LaunchScreen.storyboard in Resources */,
				A2C9C6931DEEC58100793FEF /* BaseFailedView.xib in Resources */,
				A2AE30C41DE67EA2009BD9DE /* RecommendSectionHeaderView.xib in Resources */,
				A2AE30CC1DE6B738009BD9DE /* RecommentNormalCell.xib in Resources */,
				A2F5456B1DE29B0000F62A81 /* Assets.xcassets in Resources */,
			);
			runOnlyForDeploymentPostprocessing = 0;
		};
		A2F545721DE29B0100F62A81 /* Resources */ = {
			isa = PBXResourcesBuildPhase;
			buildActionMask = 2147483647;
			files = (
			);
			runOnlyForDeploymentPostprocessing = 0;
		};
		A2F5457D1DE29B0100F62A81 /* Resources */ = {
			isa = PBXResourcesBuildPhase;
			buildActionMask = 2147483647;
			files = (
			);
			runOnlyForDeploymentPostprocessing = 0;
		};
/* End PBXResourcesBuildPhase section */

/* Begin PBXShellScriptBuildPhase section */
		1E1DF3F3219BB7D2A10B24D7 /* [CP] Embed Pods Frameworks */ = {
			isa = PBXShellScriptBuildPhase;
			buildActionMask = 2147483647;
			files = (
			);
			inputPaths = (
			);
			name = "[CP] Embed Pods Frameworks";
			outputPaths = (
			);
			runOnlyForDeploymentPostprocessing = 0;
			shellPath = /bin/sh;
			shellScript = "\"${SRCROOT}/Pods/Target Support Files/Pods-DouYuTV/Pods-DouYuTV-frameworks.sh\"\n";
			showEnvVarsInLog = 0;
		};
		3A030DF347829A461BE5A35D /* [CP] Copy Pods Resources */ = {
			isa = PBXShellScriptBuildPhase;
			buildActionMask = 2147483647;
			files = (
			);
			inputPaths = (
			);
			name = "[CP] Copy Pods Resources";
			outputPaths = (
			);
			runOnlyForDeploymentPostprocessing = 0;
			shellPath = /bin/sh;
			shellScript = "\"${SRCROOT}/Pods/Target Support Files/Pods-DouYuTV/Pods-DouYuTV-resources.sh\"\n";
			showEnvVarsInLog = 0;
		};
		916A0E9E6A067BB868968ED0 /* [CP] Check Pods Manifest.lock */ = {
			isa = PBXShellScriptBuildPhase;
			buildActionMask = 2147483647;
			files = (
			);
			inputPaths = (
			);
			name = "[CP] Check Pods Manifest.lock";
			outputPaths = (
			);
			runOnlyForDeploymentPostprocessing = 0;
			shellPath = /bin/sh;
			shellScript = "diff \"${PODS_ROOT}/../Podfile.lock\" \"${PODS_ROOT}/Manifest.lock\" > /dev/null\nif [ $? != 0 ] ; then\n    # print error to STDERR\n    echo \"error: The sandbox is not in sync with the Podfile.lock. Run 'pod install' or update your CocoaPods installation.\" >&2\n    exit 1\nfi\n";
			showEnvVarsInLog = 0;
		};
/* End PBXShellScriptBuildPhase section */

/* Begin PBXSourcesBuildPhase section */
		A2F5455C1DE29B0000F62A81 /* Sources */ = {
			isa = PBXSourcesBuildPhase;
			buildActionMask = 2147483647;
			files = (
				A2F546351DE418B300F62A81 /* ProfileController.swift in Sources */,
				A2C9C6C61DF6BA8C00793FEF /* HotModel.swift in Sources */,
				A2C9C6B61DF1492300793FEF /* MHAnimatorRefreshView.swift in Sources */,
				A2C9C6C81DF7A94A00793FEF /* EnmentViewModel.swift in Sources */,
				A22759681DE584C70087E87F /* MGameViewController.swift in Sources */,
				A2C9C6BE1DF50B5300793FEF /* MyHeaderViewCell.swift in Sources */,
				A24768F41DFA4A8D0007A3D5 /* MHRefreshFooterView.swift in Sources */,
				A2C853281DF7E7B4000F3322 /* AdvertViewModel.swift in Sources */,
				A2F5463E1DE4379D00F62A81 /* PageTitleView.swift in Sources */,
				A2F5462B1DE417C000F62A81 /* BaseTabBarController.swift in Sources */,
				A2C9C69A1DF0060D00793FEF /* MHCycleModel.swift in Sources */,
				A2AE30C61DE69431009BD9DE /* BaseViewController.swift in Sources */,
				A2C9C66A1DED5BC400793FEF /* BaseModel.swift in Sources */,
				A2F546311DE4186B00F62A81 /* MovieController.swift in Sources */,
				A2F545641DE29B0000F62A81 /* AppDelegate.swift in Sources */,
				A2C9C6701DED68CC00793FEF /* RecomFaceModel.swift in Sources */,
				A2C8532A1DF7E7D9000F3322 /* AdvertModel.swift in Sources */,
				A2C9C6861DED7F9400793FEF /* HmhThirdLibExtension.swift in Sources */,
				A2C853261DF7E764000F3322 /* AdvertController.swift in Sources */,
				A2C9C6C01DF518DE00793FEF /* MGameViewModel.swift in Sources */,
				A2AE30CA1DE6B718009BD9DE /* RecommentNormalCell.swift in Sources */,
				A2F546391DE4223700F62A81 /* HmhUIExtension.swift in Sources */,
				A2C9C67E1DED723200793FEF /* HttpClient.swift in Sources */,
				A2C9C66C1DED5F4700793FEF /* AnchorModel.swift in Sources */,
				A2F5462F1DE4183500F62A81 /* LiveViewController.swift in Sources */,
				A2F4A5521DF8F48C0095995A /* BaseAnchorViewController.swift in Sources */,
				A2F546331DE4189000F62A81 /* FollowController.swift in Sources */,
				A2F5462D1DE4180600F62A81 /* HomeViewController.swift in Sources */,
				A22759621DE584460087E87F /* RecommendViewController.swift in Sources */,
				A21F60501E01220F00BAC589 /* LiveAnchorController.swift in Sources */,
				A2C9C6761DED6D9500793FEF /* RecomViewModel.swift in Sources */,
				A22759661DE5849E0087E87F /* EntertainmentController.swift in Sources */,
				A21F604E1E011D6000BAC589 /* LiveAnchorTitleModel.swift in Sources */,
				A2C8536D1DF80A42000F3322 /* LiveTitleModel.swift in Sources */,
				A22759641DE584550087E87F /* GameViewController.swift in Sources */,
				A21F60381DFF9A2300BAC589 /* LiveNormalViewModel.swift in Sources */,
				A2C9C6C41DF6B9BC00793FEF /* GameViewModel.swift in Sources */,
				A2F4A5541DF92DDC0095995A /* LiveAllController.swift in Sources */,
				A2C9C6A21DF05BA200793FEF /* RecomGameView.swift in Sources */,
				A2C9C6881DED803400793FEF /* MyNetWorkingConfig.swift in Sources */,
				A21F60421DFFD64A00BAC589 /* LiveFaceController.swift in Sources */,
				A2F546411DE43C2400F62A81 /* HmhConfig.swift in Sources */,
				A2C9C67F1DED723200793FEF /* HttpDriver.swift in Sources */,
				A2C9C6A01DF00C7800793FEF /* CycleModel.swift in Sources */,
				A227596A1DE584E10087E87F /* FunViewController.swift in Sources */,
				A2C9C6961DF005F500793FEF /* MHCycleView.swift in Sources */,
				A2C853691DF80452000F3322 /* LivePageTitleView.swift in Sources */,
				A2C9C67D1DED723200793FEF /* HttpApiSign.swift in Sources */,
				A2AE30C81DE6B4AD009BD9DE /* RecommendSectionHeaderView.swift in Sources */,
				A2F4A5501DF8F0FF0095995A /* LiveNormalController.swift in Sources */,
				A2C8536B1DF8092F000F3322 /* LiveTitleViewModel.swift in Sources */,
				A2AE30CE1DE6E648009BD9DE /* RecommendPrettyCell.swift in Sources */,
				A2C9C6CA1DF7B47300793FEF /* FunViewModel.swift in Sources */,
				A22759601DE541F80087E87F /* PageContentView.swift in Sources */,
				A2C9C6981DF0060200793FEF /* MHCycleViewCell.swift in Sources */,
				A2F5463B1DE4266F00F62A81 /* BaseNavigationController.swift in Sources */,
				A2C9C6A41DF05BE300793FEF /* RecomGameViewCell.swift in Sources */,
				A2C9C6BA1DF5055D00793FEF /* MyHeaderView.swift in Sources */,
				A2C9C68F1DEEC21900793FEF /* BaseFailedView.swift in Sources */,
				A2C9C6C21DF68C0600793FEF /* AllGameViewController.swift in Sources */,
				A2C9C6B41DF1490E00793FEF /* MHRefreshView.swift in Sources */,
				A2F546371DE4195700F62A81 /* HmhTools.swift in Sources */,
				A2C9C6B21DF1490100793FEF /* MHRefreshControl.swift in Sources */,
				A21F604C1E011A6C00BAC589 /* LiveAnchorViewModel.swift in Sources */,
			);
			runOnlyForDeploymentPostprocessing = 0;
		};
		A2F545701DE29B0100F62A81 /* Sources */ = {
			isa = PBXSourcesBuildPhase;
			buildActionMask = 2147483647;
			files = (
				A2F545791DE29B0100F62A81 /* DouYuTVTests.swift in Sources */,
			);
			runOnlyForDeploymentPostprocessing = 0;
		};
		A2F5457B1DE29B0100F62A81 /* Sources */ = {
			isa = PBXSourcesBuildPhase;
			buildActionMask = 2147483647;
			files = (
				A2F545841DE29B0100F62A81 /* DouYuTVUITests.swift in Sources */,
			);
			runOnlyForDeploymentPostprocessing = 0;
		};
/* End PBXSourcesBuildPhase section */

/* Begin PBXTargetDependency section */
		A2F545761DE29B0100F62A81 /* PBXTargetDependency */ = {
			isa = PBXTargetDependency;
			target = A2F5455F1DE29B0000F62A81 /* DouYuTV */;
			targetProxy = A2F545751DE29B0100F62A81 /* PBXContainerItemProxy */;
		};
		A2F545811DE29B0100F62A81 /* PBXTargetDependency */ = {
			isa = PBXTargetDependency;
			target = A2F5455F1DE29B0000F62A81 /* DouYuTV */;
			targetProxy = A2F545801DE29B0100F62A81 /* PBXContainerItemProxy */;
		};
/* End PBXTargetDependency section */

/* Begin PBXVariantGroup section */
		A2F5456C1DE29B0000F62A81 /* LaunchScreen.storyboard */ = {
			isa = PBXVariantGroup;
			children = (
				A2F5456D1DE29B0000F62A81 /* Base */,
			);
			name = LaunchScreen.storyboard;
			sourceTree = "<group>";
		};
/* End PBXVariantGroup section */

/* Begin XCBuildConfiguration section */
		A2F545861DE29B0100F62A81 /* Debug */ = {
			isa = XCBuildConfiguration;
			buildSettings = {
				ALWAYS_SEARCH_USER_PATHS = NO;
				CLANG_ANALYZER_NONNULL = YES;
				CLANG_CXX_LANGUAGE_STANDARD = "gnu++0x";
				CLANG_CXX_LIBRARY = "libc++";
				CLANG_ENABLE_MODULES = YES;
				CLANG_ENABLE_OBJC_ARC = YES;
				CLANG_WARN_BOOL_CONVERSION = YES;
				CLANG_WARN_CONSTANT_CONVERSION = YES;
				CLANG_WARN_DIRECT_OBJC_ISA_USAGE = YES_ERROR;
				CLANG_WARN_DOCUMENTATION_COMMENTS = YES;
				CLANG_WARN_EMPTY_BODY = YES;
				CLANG_WARN_ENUM_CONVERSION = YES;
				CLANG_WARN_INFINITE_RECURSION = YES;
				CLANG_WARN_INT_CONVERSION = YES;
				CLANG_WARN_OBJC_ROOT_CLASS = YES_ERROR;
				CLANG_WARN_SUSPICIOUS_MOVES = YES;
				CLANG_WARN_UNREACHABLE_CODE = YES;
				CLANG_WARN__DUPLICATE_METHOD_MATCH = YES;
				"CODE_SIGN_IDENTITY[sdk=iphoneos*]" = "iPhone Developer";
				COPY_PHASE_STRIP = NO;
				DEBUG_INFORMATION_FORMAT = dwarf;
				ENABLE_STRICT_OBJC_MSGSEND = YES;
				ENABLE_TESTABILITY = YES;
				GCC_C_LANGUAGE_STANDARD = gnu99;
				GCC_DYNAMIC_NO_PIC = NO;
				GCC_NO_COMMON_BLOCKS = YES;
				GCC_OPTIMIZATION_LEVEL = 0;
				GCC_PREPROCESSOR_DEFINITIONS = (
					"DEBUG=1",
					"$(inherited)",
				);
				GCC_WARN_64_TO_32_BIT_CONVERSION = YES;
				GCC_WARN_ABOUT_RETURN_TYPE = YES_ERROR;
				GCC_WARN_UNDECLARED_SELECTOR = YES;
				GCC_WARN_UNINITIALIZED_AUTOS = YES_AGGRESSIVE;
				GCC_WARN_UNUSED_FUNCTION = YES;
				GCC_WARN_UNUSED_VARIABLE = YES;
				IPHONEOS_DEPLOYMENT_TARGET = 10.0;
				MTL_ENABLE_DEBUG_INFO = YES;
				ONLY_ACTIVE_ARCH = YES;
				SDKROOT = iphoneos;
				SWIFT_ACTIVE_COMPILATION_CONDITIONS = DEBUG;
				SWIFT_OPTIMIZATION_LEVEL = "-Onone";
			};
			name = Debug;
		};
		A2F545871DE29B0100F62A81 /* Release */ = {
			isa = XCBuildConfiguration;
			buildSettings = {
				ALWAYS_SEARCH_USER_PATHS = NO;
				CLANG_ANALYZER_NONNULL = YES;
				CLANG_CXX_LANGUAGE_STANDARD = "gnu++0x";
				CLANG_CXX_LIBRARY = "libc++";
				CLANG_ENABLE_MODULES = YES;
				CLANG_ENABLE_OBJC_ARC = YES;
				CLANG_WARN_BOOL_CONVERSION = YES;
				CLANG_WARN_CONSTANT_CONVERSION = YES;
				CLANG_WARN_DIRECT_OBJC_ISA_USAGE = YES_ERROR;
				CLANG_WARN_DOCUMENTATION_COMMENTS = YES;
				CLANG_WARN_EMPTY_BODY = YES;
				CLANG_WARN_ENUM_CONVERSION = YES;
				CLANG_WARN_INFINITE_RECURSION = YES;
				CLANG_WARN_INT_CONVERSION = YES;
				CLANG_WARN_OBJC_ROOT_CLASS = YES_ERROR;
				CLANG_WARN_SUSPICIOUS_MOVES = YES;
				CLANG_WARN_UNREACHABLE_CODE = YES;
				CLANG_WARN__DUPLICATE_METHOD_MATCH = YES;
				"CODE_SIGN_IDENTITY[sdk=iphoneos*]" = "iPhone Developer";
				COPY_PHASE_STRIP = NO;
				DEBUG_INFORMATION_FORMAT = "dwarf-with-dsym";
				ENABLE_NS_ASSERTIONS = NO;
				ENABLE_STRICT_OBJC_MSGSEND = YES;
				GCC_C_LANGUAGE_STANDARD = gnu99;
				GCC_NO_COMMON_BLOCKS = YES;
				GCC_WARN_64_TO_32_BIT_CONVERSION = YES;
				GCC_WARN_ABOUT_RETURN_TYPE = YES_ERROR;
				GCC_WARN_UNDECLARED_SELECTOR = YES;
				GCC_WARN_UNINITIALIZED_AUTOS = YES_AGGRESSIVE;
				GCC_WARN_UNUSED_FUNCTION = YES;
				GCC_WARN_UNUSED_VARIABLE = YES;
				IPHONEOS_DEPLOYMENT_TARGET = 10.0;
				MTL_ENABLE_DEBUG_INFO = NO;
				SDKROOT = iphoneos;
				SWIFT_OPTIMIZATION_LEVEL = "-Owholemodule";
				VALIDATE_PRODUCT = YES;
			};
			name = Release;
		};
		A2F545891DE29B0100F62A81 /* Debug */ = {
			isa = XCBuildConfiguration;
			baseConfigurationReference = DCD096C5090BE497F720DA8F /* Pods-DouYuTV.debug.xcconfig */;
			buildSettings = {
				ASSETCATALOG_COMPILER_APPICON_NAME = AppIcon;
				ASSETCATALOG_COMPILER_LAUNCHIMAGE_NAME = LaunchImage;
				DEVELOPMENT_TEAM = "";
				INFOPLIST_FILE = DouYuTV/Info.plist;
				IPHONEOS_DEPLOYMENT_TARGET = 9.0;
				LD_RUNPATH_SEARCH_PATHS = "$(inherited) @executable_path/Frameworks";
				PRODUCT_BUNDLE_IDENTIFIER = CMCC.com.DouYuTV;
				PRODUCT_NAME = "$(TARGET_NAME)";
				SWIFT_VERSION = 3.0;
			};
			name = Debug;
		};
		A2F5458A1DE29B0100F62A81 /* Release */ = {
			isa = XCBuildConfiguration;
			baseConfigurationReference = 3C64EC8026ACDFC6B7DDBC8A /* Pods-DouYuTV.release.xcconfig */;
			buildSettings = {
				ASSETCATALOG_COMPILER_APPICON_NAME = AppIcon;
				ASSETCATALOG_COMPILER_LAUNCHIMAGE_NAME = LaunchImage;
				DEVELOPMENT_TEAM = "";
				INFOPLIST_FILE = DouYuTV/Info.plist;
				IPHONEOS_DEPLOYMENT_TARGET = 9.0;
				LD_RUNPATH_SEARCH_PATHS = "$(inherited) @executable_path/Frameworks";
				PRODUCT_BUNDLE_IDENTIFIER = CMCC.com.DouYuTV;
				PRODUCT_NAME = "$(TARGET_NAME)";
				SWIFT_VERSION = 3.0;
			};
			name = Release;
		};
		A2F5458C1DE29B0100F62A81 /* Debug */ = {
			isa = XCBuildConfiguration;
			buildSettings = {
				ALWAYS_EMBED_SWIFT_STANDARD_LIBRARIES = YES;
				BUNDLE_LOADER = "$(TEST_HOST)";
				INFOPLIST_FILE = DouYuTVTests/Info.plist;
				LD_RUNPATH_SEARCH_PATHS = "$(inherited) @executable_path/Frameworks @loader_path/Frameworks";
				PRODUCT_BUNDLE_IDENTIFIER = CMCC.com.DouYuTVTests;
				PRODUCT_NAME = "$(TARGET_NAME)";
				SWIFT_VERSION = 3.0;
				TEST_HOST = "$(BUILT_PRODUCTS_DIR)/DouYuTV.app/DouYuTV";
			};
			name = Debug;
		};
		A2F5458D1DE29B0100F62A81 /* Release */ = {
			isa = XCBuildConfiguration;
			buildSettings = {
				ALWAYS_EMBED_SWIFT_STANDARD_LIBRARIES = YES;
				BUNDLE_LOADER = "$(TEST_HOST)";
				INFOPLIST_FILE = DouYuTVTests/Info.plist;
				LD_RUNPATH_SEARCH_PATHS = "$(inherited) @executable_path/Frameworks @loader_path/Frameworks";
				PRODUCT_BUNDLE_IDENTIFIER = CMCC.com.DouYuTVTests;
				PRODUCT_NAME = "$(TARGET_NAME)";
				SWIFT_VERSION = 3.0;
				TEST_HOST = "$(BUILT_PRODUCTS_DIR)/DouYuTV.app/DouYuTV";
			};
			name = Release;
		};
		A2F5458F1DE29B0100F62A81 /* Debug */ = {
			isa = XCBuildConfiguration;
			buildSettings = {
				ALWAYS_EMBED_SWIFT_STANDARD_LIBRARIES = YES;
				INFOPLIST_FILE = DouYuTVUITests/Info.plist;
				LD_RUNPATH_SEARCH_PATHS = "$(inherited) @executable_path/Frameworks @loader_path/Frameworks";
				PRODUCT_BUNDLE_IDENTIFIER = CMCC.com.DouYuTVUITests;
				PRODUCT_NAME = "$(TARGET_NAME)";
				SWIFT_VERSION = 3.0;
				TEST_TARGET_NAME = DouYuTV;
			};
			name = Debug;
		};
		A2F545901DE29B0100F62A81 /* Release */ = {
			isa = XCBuildConfiguration;
			buildSettings = {
				ALWAYS_EMBED_SWIFT_STANDARD_LIBRARIES = YES;
				INFOPLIST_FILE = DouYuTVUITests/Info.plist;
				LD_RUNPATH_SEARCH_PATHS = "$(inherited) @executable_path/Frameworks @loader_path/Frameworks";
				PRODUCT_BUNDLE_IDENTIFIER = CMCC.com.DouYuTVUITests;
				PRODUCT_NAME = "$(TARGET_NAME)";
				SWIFT_VERSION = 3.0;
				TEST_TARGET_NAME = DouYuTV;
			};
			name = Release;
		};
/* End XCBuildConfiguration section */

/* Begin XCConfigurationList section */
		A2F5455B1DE29B0000F62A81 /* Build configuration list for PBXProject "DouYuTV" */ = {
			isa = XCConfigurationList;
			buildConfigurations = (
				A2F545861DE29B0100F62A81 /* Debug */,
				A2F545871DE29B0100F62A81 /* Release */,
			);
			defaultConfigurationIsVisible = 0;
			defaultConfigurationName = Release;
		};
		A2F545881DE29B0100F62A81 /* Build configuration list for PBXNativeTarget "DouYuTV" */ = {
			isa = XCConfigurationList;
			buildConfigurations = (
				A2F545891DE29B0100F62A81 /* Debug */,
				A2F5458A1DE29B0100F62A81 /* Release */,
			);
			defaultConfigurationIsVisible = 0;
			defaultConfigurationName = Release;
		};
		A2F5458B1DE29B0100F62A81 /* Build configuration list for PBXNativeTarget "DouYuTVTests" */ = {
			isa = XCConfigurationList;
			buildConfigurations = (
				A2F5458C1DE29B0100F62A81 /* Debug */,
				A2F5458D1DE29B0100F62A81 /* Release */,
			);
			defaultConfigurationIsVisible = 0;
			defaultConfigurationName = Release;
		};
		A2F5458E1DE29B0100F62A81 /* Build configuration list for PBXNativeTarget "DouYuTVUITests" */ = {
			isa = XCConfigurationList;
			buildConfigurations = (
				A2F5458F1DE29B0100F62A81 /* Debug */,
				A2F545901DE29B0100F62A81 /* Release */,
			);
			defaultConfigurationIsVisible = 0;
			defaultConfigurationName = Release;
		};
/* End XCConfigurationList section */
	};
	rootObject = A2F545581DE29B0000F62A81 /* Project object */;
}
